<?xml version="1.0" encoding="utf-8"?>
<Project ToolsVersion="4.0" xmlns="http://schemas.microsoft.com/developer/msbuild/2003">
  <ItemGroup>
    <Filter Include="Source Files">
      <UniqueIdentifier>{4FC737F1-C7A5-4376-A066-2A32D752A2FF}</UniqueIdentifier>
      <Extensions>cpp;c;cc;cxx;def;odl;idl;hpj;bat;asm;asmx</Extensions>
    </Filter>
    <Filter Include="Header Files">
      <UniqueIdentifier>{93995380-89BD-4b04-88EB-625FBE52EBFB}</UniqueIdentifier>
      <Extensions>h;hh;hpp;hxx;hm;inl;inc;xsd</Extensions>
    </Filter>
    <Filter Include="Resource Files">
      <UniqueIdentifier>{67DA6AB6-F800-4c08-8B7A-83BB121AAD01}</UniqueIdentifier>
      <Extensions>rc;ico;cur;bmp;dlg;rc2;rct;bin;rgs;gif;jpg;jpeg;jpe;resx;tiff;tif;png;wav;mfcribbon-ms</Extensions>
    </Filter>
  </ItemGroup>
  <ItemGroup>
    <ClInclude Include="..\mesh\lib3ds\lib3ds.h">
      <Filter>Header Files</Filter>
    </ClInclude>
    <ClInclude Include="..\mesh\lib3ds\lib3ds_impl.h">
      <Filter>Header Files</Filter>
    </ClInclude>
    <ClInclude Include="..\mesh\openctm\Alloc.h">
      <Filter>Header Files</Filter>
    </ClInclude>
    <ClInclude Include="..\mesh\openctm\internal.h">
      <Filter>Header Files</Filter>
    </ClInclude>
    <ClInclude Include="..\mesh\openctm\LzFind.h">
      <Filter>Header Files</Filter>
    </ClInclude>
    <ClInclude Include="..\mesh\openctm\LzHash.h">
      <Filter>Header Files</Filter>
    </ClInclude>
    <ClInclude Include="..\mesh\openctm\LzmaDec.h">
      <Filter>Header Files</Filter>
    </ClInclude>
    <ClInclude Include="..\mesh\openctm\LzmaEnc.h">
      <Filter>Header Files</Filter>
    </ClInclude>
    <ClInclude Include="..\mesh\openctm\LzmaLib.h">
      <Filter>Header Files</Filter>
    </ClInclude>
    <ClInclude Include="..\mesh\openctm\NameMangle.h">
      <Filter>Header Files</Filter>
    </ClInclude>
    <ClInclude Include="..\mesh\openctm\openctm.h">
      <Filter>Header Files</Filter>
    </ClInclude>
    <ClInclude Include="..\mesh\openctm\openctmpp.h">
      <Filter>Header Files</Filter>
    </ClInclude>
    <ClInclude Include="..\mesh\openctm\Types.h">
      <Filter>Header Files</Filter>
    </ClInclude>
    <ClInclude Include="..\mesh\simpleobj\obj.h">
      <Filter>Header Files</Filter>
    </ClInclude>
    <ClInclude Include="..\mesh\simpleobj\uthash.h">
      <Filter>Header Files</Filter>
    </ClInclude>
  </ItemGroup>
  <ItemGroup>
    <ClCompile Include="..\mesh\lib3ds\lib3ds_atmosphere.c">
      <Filter>Source Files</Filter>
    </ClCompile>
    <ClCompile Include="..\mesh\lib3ds\lib3ds_background.c">
      <Filter>Source Files</Filter>
    </ClCompile>
    <ClCompile Include="..\mesh\lib3ds\lib3ds_camera.c">
      <Filter>Source Files</Filter>
    </ClCompile>
    <ClCompile Include="..\mesh\lib3ds\lib3ds_chunk.c">
      <Filter>Source Files</Filter>
    </ClCompile>
    <ClCompile Include="..\mesh\lib3ds\lib3ds_chunktable.c">
      <Filter>Source Files</Filter>
    </ClCompile>
    <ClCompile Include="..\mesh\lib3ds\lib3ds_file.c">
      <Filter>Source Files</Filter>
    </ClCompile>
    <ClCompile Include="..\mesh\lib3ds\lib3ds_io.c">
      <Filter>Source Files</Filter>
    </ClCompile>
    <ClCompile Include="..\mesh\lib3ds\lib3ds_light.c">
      <Filter>Source Files</Filter>
    </ClCompile>
    <ClCompile Include="..\mesh\lib3ds\lib3ds_material.c">
      <Filter>Source Files</Filter>
    </ClCompile>
    <ClCompile Include="..\mesh\lib3ds\lib3ds_math.c">
      <Filter>Source Files</Filter>
    </ClCompile>
    <ClCompile Include="..\mesh\lib3ds\lib3ds_matrix.c">
      <Filter>Source Files</Filter>
    </ClCompile>
    <ClCompile Include="..\mesh\lib3ds\lib3ds_mesh.c">
      <Filter>Source Files</Filter>
    </ClCompile>
    <ClCompile Include="..\mesh\lib3ds\lib3ds_node.c">
      <Filter>Source Files</Filter>
    </ClCompile>
    <ClCompile Include="..\mesh\lib3ds\lib3ds_quat.c">
      <Filter>Source Files</Filter>
    </ClCompile>
    <ClCompile Include="..\mesh\lib3ds\lib3ds_shadow.c">
      <Filter>Source Files</Filter>
    </ClCompile>
    <ClCompile Include="..\mesh\lib3ds\lib3ds_track.c">
      <Filter>Source Files</Filter>
    </ClCompile>
    <ClCompile Include="..\mesh\lib3ds\lib3ds_util.c">
      <Filter>Source Files</Filter>
    </ClCompile>
    <ClCompile Include="..\mesh\lib3ds\lib3ds_vector.c">
      <Filter>Source Files</Filter>
    </ClCompile>
    <ClCompile Include="..\mesh\lib3ds\lib3ds_viewport.c">
      <Filter>Source Files</Filter>
    </ClCompile>
    <ClCompile Include="..\mesh\openctm\Alloc.c">
      <Filter>Source Files</Filter>
    </ClCompile>
    <ClCompile Include="..\mesh\openctm\compressMG1.c">
      <Filter>Source Files</Filter>
    </ClCompile>
    <ClCompile Include="..\mesh\openctm\compressMG2.c">
      <Filter>Source Files</Filter>
    </ClCompile>
    <ClCompile Include="..\mesh\openctm\compressRAW.c">
      <Filter>Source Files</Filter>
    </ClCompile>
    <ClCompile Include="..\mesh\openctm\LzFind.c">
      <Filter>Source Files</Filter>
    </ClCompile>
    <ClCompile Include="..\mesh\openctm\LzmaDec.c">
      <Filter>Source Files</Filter>
    </ClCompile>
    <ClCompile Include="..\mesh\openctm\LzmaEnc.c">
      <Filter>Source Files</Filter>
    </ClCompile>
    <ClCompile Include="..\mesh\openctm\LzmaLib.c">
      <Filter>Source Files</Filter>
    </ClCompile>
    <ClCompile Include="..\mesh\openctm\openctm.c">
      <Filter>Source Files</Filter>
    </ClCompile>
    <ClCompile Include="..\mesh\openctm\stream.c">
      <Filter>Source Files</Filter>
    </ClCompile>
    <ClCompile Include="..\mesh\simpleobj\obj.c">
      <Filter>Source Files</Filter>
    </ClCompile>
  </ItemGroup>
</Project>