<?xml version="1.0" encoding="utf-8"?>
<Project ToolsVersion="4.0" xmlns="http://schemas.microsoft.com/developer/msbuild/2003">
  <ItemGroup>
    <Filter Include="Source Files">
      <UniqueIdentifier>{4FC737F1-C7A5-4376-A066-2A32D752A2FF}</UniqueIdentifier>
      <Extensions>cpp;c;cc;cxx;def;odl;idl;hpj;bat;asm;asmx</Extensions>
    </Filter>
    <Filter Include="Header Files">
      <UniqueIdentifier>{93995380-89BD-4b04-88EB-625FBE52EBFB}</UniqueIdentifier>
      <Extensions>h;hh;hpp;hxx;hm;inl;inc;xsd</Extensions>
    </Filter>
    <Filter Include="Resource Files">
      <UniqueIdentifier>{67DA6AB6-F800-4c08-8B7A-83BB121AAD01}</UniqueIdentifier>
      <Extensions>rc;ico;cur;bmp;dlg;rc2;rct;bin;rgs;gif;jpg;jpeg;jpe;resx;tiff;tif;png;wav;mfcribbon-ms</Extensions>
    </Filter>
  </ItemGroup>
  <ItemGroup>
    <ClCompile Include="..\atlas.cpp">
      <Filter>Source Files</Filter>
    </ClCompile>
    <ClCompile Include="..\benchmark.cpp">
      <Filter>Source Files</Filter>
    </ClCompile>
    <ClCompile Include="..\camera.cpp">
      <Filter>Source Files</Filter>
    </ClCompile>
    <ClCompile Include="..\config.cpp">
      <Filter>Source Files</Filter>
    </ClCompile>
    <ClCompile Include="..\fileutil.cpp">
      <Filter>Source Files</Filter>
    </ClCompile>
    <ClCompile Include="..\findfile.cpp">
      <Filter>Source Files</Filter>
    </ClCompile>
    <ClCompile Include="..\gpu.cpp">
      <Filter>Source Files</Filter>
    </ClCompile>
    <ClCompile Include="..\guifps.cpp">
      <Filter>Source Files</Filter>
    </ClCompile>
    <ClCompile Include="..\img.cpp">
      <Filter>Source Files</Filter>
    </ClCompile>
    <ClCompile Include="..\imgpng.cpp">
      <Filter>Source Files</Filter>
    </ClCompile>
    <ClCompile Include="..\immediate.cpp">
      <Filter>Source Files</Filter>
    </ClCompile>
    <ClCompile Include="..\jeltz.cpp">
      <Filter>Source Files</Filter>
    </ClCompile>
    <ClCompile Include="..\jeltzfly.cpp">
      <Filter>Source Files</Filter>
    </ClCompile>
    <ClCompile Include="..\jeltzgui.cpp">
      <Filter>Source Files</Filter>
    </ClCompile>
    <ClCompile Include="..\kdtree.cpp">
      <Filter>Source Files</Filter>
    </ClCompile>
    <ClCompile Include="..\material.cpp">
      <Filter>Source Files</Filter>
    </ClCompile>
    <ClCompile Include="..\matrix.cpp">
      <Filter>Source Files</Filter>
    </ClCompile>
    <ClCompile Include="..\matstack.cpp">
      <Filter>Source Files</Filter>
    </ClCompile>
    <ClCompile Include="..\mesh3ds.cpp">
      <Filter>Source Files</Filter>
    </ClCompile>
    <ClCompile Include="..\meshctm.cpp">
      <Filter>Source Files</Filter>
    </ClCompile>
    <ClCompile Include="..\meshifs.cpp">
      <Filter>Source Files</Filter>
    </ClCompile>
    <ClCompile Include="..\meshobj.cpp">
      <Filter>Source Files</Filter>
    </ClCompile>
    <ClCompile Include="..\ninebox.cpp">
      <Filter>Source Files</Filter>
    </ClCompile>
    <ClCompile Include="..\png_loader.cpp">
      <Filter>Source Files</Filter>
    </ClCompile>
    <ClCompile Include="..\prec.cpp">
      <Filter>Source Files</Filter>
    </ClCompile>
    <ClCompile Include="..\profile.cpp">
      <Filter>Source Files</Filter>
    </ClCompile>
    <ClCompile Include="..\pugixml.cpp">
      <Filter>Source Files</Filter>
    </ClCompile>
    <ClCompile Include="..\quaternion.cpp">
      <Filter>Source Files</Filter>
    </ClCompile>
    <ClCompile Include="..\quickgui.cpp">
      <Filter>Source Files</Filter>
    </ClCompile>
    <ClCompile Include="..\resources.cpp">
      <Filter>Source Files</Filter>
    </ClCompile>
    <ClCompile Include="..\rtree.cpp">
      <Filter>Source Files</Filter>
    </ClCompile>
    <ClCompile Include="..\scene.cpp">
      <Filter>Source Files</Filter>
    </ClCompile>
    <ClCompile Include="..\shader.cpp">
      <Filter>Source Files</Filter>
    </ClCompile>
    <ClCompile Include="..\shaderbuild.cpp">
      <Filter>Source Files</Filter>
    </ClCompile>
    <ClCompile Include="..\shaderutil.cpp">
      <Filter>Source Files</Filter>
    </ClCompile>
    <ClCompile Include="..\text.cpp">
      <Filter>Source Files</Filter>
    </ClCompile>
    <ClCompile Include="..\texture.cpp">
      <Filter>Source Files</Filter>
    </ClCompile>
    <ClCompile Include="..\thread.cpp">
      <Filter>Source Files</Filter>
    </ClCompile>
    <ClCompile Include="..\trace.cpp">
      <Filter>Source Files</Filter>
    </ClCompile>
    <ClCompile Include="..\util.cpp">
      <Filter>Source Files</Filter>
    </ClCompile>
    <ClCompile Include="..\vbomesh.cpp">
      <Filter>Source Files</Filter>
    </ClCompile>
    <ClCompile Include="..\vec.cpp">
      <Filter>Source Files</Filter>
    </ClCompile>
  </ItemGroup>
  <ItemGroup>
    <ClInclude Include="..\atlas.h">
      <Filter>Header Files</Filter>
    </ClInclude>
    <ClInclude Include="..\benchmark.h">
      <Filter>Header Files</Filter>
    </ClInclude>
    <ClInclude Include="..\camera.h">
      <Filter>Header Files</Filter>
    </ClInclude>
    <ClInclude Include="..\config.h">
      <Filter>Header Files</Filter>
    </ClInclude>
    <ClInclude Include="..\embed.h">
      <Filter>Header Files</Filter>
    </ClInclude>
    <ClInclude Include="..\fileutil.h">
      <Filter>Header Files</Filter>
    </ClInclude>
    <ClInclude Include="..\findfile.h">
      <Filter>Header Files</Filter>
    </ClInclude>
    <ClInclude Include="..\gpu.h">
      <Filter>Header Files</Filter>
    </ClInclude>
    <ClInclude Include="..\guifps.h">
      <Filter>Header Files</Filter>
    </ClInclude>
    <ClInclude Include="..\img.h">
      <Filter>Header Files</Filter>
    </ClInclude>
    <ClInclude Include="..\imgpng.h">
      <Filter>Header Files</Filter>
    </ClInclude>
    <ClInclude Include="..\immediate.h">
      <Filter>Header Files</Filter>
    </ClInclude>
    <ClInclude Include="..\includegl.h">
      <Filter>Header Files</Filter>
    </ClInclude>
    <ClInclude Include="..\jeltz.h">
      <Filter>Header Files</Filter>
    </ClInclude>
    <ClInclude Include="..\jeltzfly.h">
      <Filter>Header Files</Filter>
    </ClInclude>
    <ClInclude Include="..\jeltzgui.h">
      <Filter>Header Files</Filter>
    </ClInclude>
    <ClInclude Include="..\kdtree.h">
      <Filter>Header Files</Filter>
    </ClInclude>
    <ClInclude Include="..\loader.h">
      <Filter>Header Files</Filter>
    </ClInclude>
    <ClInclude Include="..\material.h">
      <Filter>Header Files</Filter>
    </ClInclude>
    <ClInclude Include="..\matrix.h">
      <Filter>Header Files</Filter>
    </ClInclude>
    <ClInclude Include="..\matstack.h">
      <Filter>Header Files</Filter>
    </ClInclude>
    <ClInclude Include="..\mesh3ds.h">
      <Filter>Header Files</Filter>
    </ClInclude>
    <ClInclude Include="..\meshctm.h">
      <Filter>Header Files</Filter>
    </ClInclude>
    <ClInclude Include="..\meshifs.h">
      <Filter>Header Files</Filter>
    </ClInclude>
    <ClInclude Include="..\meshobj.h">
      <Filter>Header Files</Filter>
    </ClInclude>
    <ClInclude Include="..\ninebox.h">
      <Filter>Header Files</Filter>
    </ClInclude>
    <ClInclude Include="..\png_loader.h">
      <Filter>Header Files</Filter>
    </ClInclude>
    <ClInclude Include="..\prec.h">
      <Filter>Header Files</Filter>
    </ClInclude>
    <ClInclude Include="..\profile.h">
      <Filter>Header Files</Filter>
    </ClInclude>
    <ClInclude Include="..\pugiconfig.h">
      <Filter>Header Files</Filter>
    </ClInclude>
    <ClInclude Include="..\pugixml.h">
      <Filter>Header Files</Filter>
    </ClInclude>
    <ClInclude Include="..\pyarlib.h">
      <Filter>Header Files</Filter>
    </ClInclude>
    <ClInclude Include="..\quaternion.h">
      <Filter>Header Files</Filter>
    </ClInclude>
    <ClInclude Include="..\quickgui.h">
      <Filter>Header Files</Filter>
    </ClInclude>
    <ClInclude Include="..\resourcedefs.h">
      <Filter>Header Files</Filter>
    </ClInclude>
    <ClInclude Include="..\resources.h">
      <Filter>Header Files</Filter>
    </ClInclude>
    <ClInclude Include="..\rtree.h">
      <Filter>Header Files</Filter>
    </ClInclude>
    <ClInclude Include="..\scene.h">
      <Filter>Header Files</Filter>
    </ClInclude>
    <ClInclude Include="..\shader.h">
      <Filter>Header Files</Filter>
    </ClInclude>
    <ClInclude Include="..\shaderbuild.h">
      <Filter>Header Files</Filter>
    </ClInclude>
    <ClInclude Include="..\shaderutil.h">
      <Filter>Header Files</Filter>
    </ClInclude>
    <ClInclude Include="..\text.h">
      <Filter>Header Files</Filter>
    </ClInclude>
    <ClInclude Include="..\texture.h">
      <Filter>Header Files</Filter>
    </ClInclude>
    <ClInclude Include="..\thread.h">
      <Filter>Header Files</Filter>
    </ClInclude>
    <ClInclude Include="..\trace.h">
      <Filter>Header Files</Filter>
    </ClInclude>
    <ClInclude Include="..\util.h">
      <Filter>Header Files</Filter>
    </ClInclude>
    <ClInclude Include="..\vbomesh.h">
      <Filter>Header Files</Filter>
    </ClInclude>
    <ClInclude Include="..\vec.h">
      <Filter>Header Files</Filter>
    </ClInclude>
  </ItemGroup>
  <ItemGroup>
    <ResourceCompile Include="..\resources.rc">
      <Filter>Resource Files</Filter>
    </ResourceCompile>
  </ItemGroup>
</Project>